
Microsoft Visual Studio Solution File, Format Version 10.00
# Visual Studio 2008
Project("{FAE04EC0-301F-11D3-BF4B-00C04F79EFBC}") = "xVal", "xVal\xVal.csproj", "{37DCF65B-BF7A-422A-8A89-A591B43FC26D}"
EndProject
Project("{FAE04EC0-301F-11D3-BF4B-00C04F79EFBC}") = "xVal.Tests", "xVal.Tests\xVal.Tests.csproj", "{9EA4228B-95AF-4284-BBC8-23539196A3DC}"
EndProject
Project("{FAE04EC0-301F-11D3-BF4B-00C04F79EFBC}") = "xVal.ClientSideTests", "xVal.ClientSideTests\xVal.ClientSideTests.csproj", "{13995764-235E-4887-949D-E49F0FF5EB23}"
EndProject
Global
	GlobalSection(SolutionConfigurationPlatforms) = preSolution
		Debug|Any CPU = Debug|Any CPU
		Release|Any CPU = Release|Any CPU
	EndGlobalSection
	GlobalSection(ProjectConfigurationPlatforms) = postSolution
		{37DCF65B-BF7A-422A-8A89-A591B43FC26D}.Debug|Any CPU.ActiveCfg = Debug|Any CPU
		{37DCF65B-BF7A-422A-8A89-A591B43FC26D}.Debug|Any CPU.Build.0 = Debug|Any CPU
		{37DCF65B-BF7A-422A-8A89-A591B43FC26D}.Release|Any CPU.ActiveCfg = Release|Any CPU
		{37DCF65B-BF7A-422A-8A89-A591B43FC26D}.Release|Any CPU.Build.0 = Release|Any CPU
		{9EA4228B-95AF-4284-BBC8-23539196A3DC}.Debug|Any CPU.ActiveCfg = Debug|Any CPU
		{9EA4228B-95AF-4284-BBC8-23539196A3DC}.Debug|Any CPU.Build.0 = Debug|Any CPU
		{9EA4228B-95AF-4284-BBC8-23539196A3DC}.Release|Any CPU.ActiveCfg = Release|Any CPU
		{9EA4228B-95AF-4284-BBC8-23539196A3DC}.Release|Any CPU.Build.0 = Release|Any CPU
		{13995764-235E-4887-949D-E49F0FF5EB23}.Debug|Any CPU.ActiveCfg = Debug|Any CPU
		{13995764-235E-4887-949D-E49F0FF5EB23}.Debug|Any CPU.Build.0 = Debug|Any CPU
		{13995764-235E-4887-949D-E49F0FF5EB23}.Release|Any CPU.ActiveCfg = Release|Any CPU
		{13995764-235E-4887-949D-E49F0FF5EB23}.Release|Any CPU.Build.0 = Release|Any CPU
	EndGlobalSection
	GlobalSection(SolutionProperties) = preSolution
		HideSolutionNode = FALSE
	EndGlobalSection
EndGlobal
